// !$*UTF8*$!
{
	archiveVersion = 1;
	classes = {
	};
	objectVersion = 46;
	objects = {

/* Begin PBXBuildFile section */
		60C88DC9E1FB8876F52D5BA6 /* Pods_QiitaApp.framework in Frameworks */ = {isa = PBXBuildFile; fileRef = 3BAC350DC5A7A5D8318704D5 /* Pods_QiitaApp.framework */; };
		E927D0601D879B840071E5C0 /* AppDelegate.swift in Sources */ = {isa = PBXBuildFile; fileRef = E927D05F1D879B840071E5C0 /* AppDelegate.swift */; };
		E927D0651D879B840071E5C0 /* Main.storyboard in Resources */ = {isa = PBXBuildFile; fileRef = E927D0631D879B840071E5C0 /* Main.storyboard */; };
		E927D0671D879B840071E5C0 /* Assets.xcassets in Resources */ = {isa = PBXBuildFile; fileRef = E927D0661D879B840071E5C0 /* Assets.xcassets */; };
		E927D06A1D879B840071E5C0 /* LaunchScreen.storyboard in Resources */ = {isa = PBXBuildFile; fileRef = E927D0681D879B840071E5C0 /* LaunchScreen.storyboard */; };
		E9AF4AC11D87E28200E937EB /* ArticleTableViewController.swift in Sources */ = {isa = PBXBuildFile; fileRef = E9AF4AC01D87E28200E937EB /* ArticleTableViewController.swift */; };
		E9B1C52B1D879CD800E908DB /* Article.swift in Sources */ = {isa = PBXBuildFile; fileRef = E9B1C52A1D879CD800E908DB /* Article.swift */; };
		E9B1C5301D879D2E00E908DB /* ArticleWebViewController.swift in Sources */ = {isa = PBXBuildFile; fileRef = E9B1C52F1D879D2E00E908DB /* ArticleWebViewController.swift */; };
		E9DA441F1D8A65F900AF2198 /* BookmarkArticle.swift in Sources */ = {isa = PBXBuildFile; fileRef = E9DA441E1D8A65F900AF2198 /* BookmarkArticle.swift */; };
		E9DA44211D8A720000AF2198 /* MyPageViewController.swift in Sources */ = {isa = PBXBuildFile; fileRef = E9DA44201D8A720000AF2198 /* MyPageViewController.swift */; };
		E9DA442E1D8AAAA100AF2198 /* ArticleTableViewCell.swift in Sources */ = {isa = PBXBuildFile; fileRef = E9DA442C1D8AAAA100AF2198 /* ArticleTableViewCell.swift */; };
		E9DA442F1D8AAAA100AF2198 /* ArticleTableViewCell.xib in Resources */ = {isa = PBXBuildFile; fileRef = E9DA442D1D8AAAA100AF2198 /* ArticleTableViewCell.xib */; };
		E9EE3AB31D8BA94C009F93D7 /* ArticleTableView.storyboard in Resources */ = {isa = PBXBuildFile; fileRef = E9EE3AB21D8BA94C009F93D7 /* ArticleTableView.storyboard */; };
		E9EE3AB51D8BAB48009F93D7 /* MyPage.storyboard in Resources */ = {isa = PBXBuildFile; fileRef = E9EE3AB41D8BAB48009F93D7 /* MyPage.storyboard */; };
		E9EE3AB71D8BAB6C009F93D7 /* ArticleWebView.storyboard in Resources */ = {isa = PBXBuildFile; fileRef = E9EE3AB61D8BAB6C009F93D7 /* ArticleWebView.storyboard */; };
/* End PBXBuildFile section */

/* Begin PBXFileReference section */
		2DD0F6DFCCDE33F018A0E000 /* Pods-QiitaApp.debug.xcconfig */ = {isa = PBXFileReference; includeInIndex = 1; lastKnownFileType = text.xcconfig; name = "Pods-QiitaApp.debug.xcconfig"; path = "Pods/Target Support Files/Pods-QiitaApp/Pods-QiitaApp.debug.xcconfig"; sourceTree = "<group>"; };
		34E17846BDBC6AABB99941C4 /* Pods-QiitaApp.release.xcconfig */ = {isa = PBXFileReference; includeInIndex = 1; lastKnownFileType = text.xcconfig; name = "Pods-QiitaApp.release.xcconfig"; path = "Pods/Target Support Files/Pods-QiitaApp/Pods-QiitaApp.release.xcconfig"; sourceTree = "<group>"; };
		3BAC350DC5A7A5D8318704D5 /* Pods_QiitaApp.framework */ = {isa = PBXFileReference; explicitFileType = wrapper.framework; includeInIndex = 0; path = Pods_QiitaApp.framework; sourceTree = BUILT_PRODUCTS_DIR; };
		E927D05C1D879B840071E5C0 /* QiitaApp.app */ = {isa = PBXFileReference; explicitFileType = wrapper.application; includeInIndex = 0; path = QiitaApp.app; sourceTree = BUILT_PRODUCTS_DIR; };
		E927D05F1D879B840071E5C0 /* AppDelegate.swift */ = {isa = PBXFileReference; lastKnownFileType = sourcecode.swift; path = AppDelegate.swift; sourceTree = "<group>"; };
		E927D0641D879B840071E5C0 /* Base */ = {isa = PBXFileReference; lastKnownFileType = file.storyboard; name = Base; path = Base.lproj/Main.storyboard; sourceTree = "<group>"; };
		E927D0661D879B840071E5C0 /* Assets.xcassets */ = {isa = PBXFileReference; lastKnownFileType = folder.assetcatalog; path = Assets.xcassets; sourceTree = "<group>"; };
		E927D0691D879B840071E5C0 /* Base */ = {isa = PBXFileReference; lastKnownFileType = file.storyboard; name = Base; path = Base.lproj/LaunchScreen.storyboard; sourceTree = "<group>"; };
		E927D06B1D879B840071E5C0 /* Info.plist */ = {isa = PBXFileReference; lastKnownFileType = text.plist.xml; path = Info.plist; sourceTree = "<group>"; };
		E9AF4AC01D87E28200E937EB /* ArticleTableViewController.swift */ = {isa = PBXFileReference; fileEncoding = 4; lastKnownFileType = sourcecode.swift; path = ArticleTableViewController.swift; sourceTree = "<group>"; };
		E9B1C52A1D879CD800E908DB /* Article.swift */ = {isa = PBXFileReference; fileEncoding = 4; lastKnownFileType = sourcecode.swift; path = Article.swift; sourceTree = "<group>"; };
		E9B1C52F1D879D2E00E908DB /* ArticleWebViewController.swift */ = {isa = PBXFileReference; fileEncoding = 4; lastKnownFileType = sourcecode.swift; path = ArticleWebViewController.swift; sourceTree = "<group>"; };
		E9DA441E1D8A65F900AF2198 /* BookmarkArticle.swift */ = {isa = PBXFileReference; fileEncoding = 4; lastKnownFileType = sourcecode.swift; path = BookmarkArticle.swift; sourceTree = "<group>"; };
		E9DA44201D8A720000AF2198 /* MyPageViewController.swift */ = {isa = PBXFileReference; fileEncoding = 4; lastKnownFileType = sourcecode.swift; path = MyPageViewController.swift; sourceTree = "<group>"; };
		E9DA442C1D8AAAA100AF2198 /* ArticleTableViewCell.swift */ = {isa = PBXFileReference; fileEncoding = 4; lastKnownFileType = sourcecode.swift; path = ArticleTableViewCell.swift; sourceTree = "<group>"; };
		E9DA442D1D8AAAA100AF2198 /* ArticleTableViewCell.xib */ = {isa = PBXFileReference; fileEncoding = 4; lastKnownFileType = file.xib; path = ArticleTableViewCell.xib; sourceTree = "<group>"; };
		E9EE3AB21D8BA94C009F93D7 /* ArticleTableView.storyboard */ = {isa = PBXFileReference; fileEncoding = 4; lastKnownFileType = file.storyboard; path = ArticleTableView.storyboard; sourceTree = "<group>"; };
		E9EE3AB41D8BAB48009F93D7 /* MyPage.storyboard */ = {isa = PBXFileReference; fileEncoding = 4; lastKnownFileType = file.storyboard; path = MyPage.storyboard; sourceTree = "<group>"; };
		E9EE3AB61D8BAB6C009F93D7 /* ArticleWebView.storyboard */ = {isa = PBXFileReference; fileEncoding = 4; lastKnownFileType = file.storyboard; path = ArticleWebView.storyboard; sourceTree = "<group>"; };
/* End PBXFileReference section */

/* Begin PBXFrameworksBuildPhase section */
		E927D0591D879B840071E5C0 /* Frameworks */ = {
			isa = PBXFrameworksBuildPhase;
			buildActionMask = 2147483647;
			files = (
				60C88DC9E1FB8876F52D5BA6 /* Pods_QiitaApp.framework in Frameworks */,
			);
			runOnlyForDeploymentPostprocessing = 0;
		};
/* End PBXFrameworksBuildPhase section */

/* Begin PBXGroup section */
		4EA0B3D554FE04AF1D886F20 /* Frameworks */ = {
			isa = PBXGroup;
			children = (
				3BAC350DC5A7A5D8318704D5 /* Pods_QiitaApp.framework */,
			);
			name = Frameworks;
			sourceTree = "<group>";
		};
		DE68787B60A15071E70E2CF2 /* Pods */ = {
			isa = PBXGroup;
			children = (
				2DD0F6DFCCDE33F018A0E000 /* Pods-QiitaApp.debug.xcconfig */,
				34E17846BDBC6AABB99941C4 /* Pods-QiitaApp.release.xcconfig */,
			);
			name = Pods;
			sourceTree = "<group>";
		};
		E927D0531D879B840071E5C0 = {
			isa = PBXGroup;
			children = (
				E927D05E1D879B840071E5C0 /* QiitaApp */,
				E927D05D1D879B840071E5C0 /* Products */,
				DE68787B60A15071E70E2CF2 /* Pods */,
				4EA0B3D554FE04AF1D886F20 /* Frameworks */,
			);
			sourceTree = "<group>";
		};
		E927D05D1D879B840071E5C0 /* Products */ = {
			isa = PBXGroup;
			children = (
				E927D05C1D879B840071E5C0 /* QiitaApp.app */,
			);
			name = Products;
			sourceTree = "<group>";
		};
		E927D05E1D879B840071E5C0 /* QiitaApp */ = {
			isa = PBXGroup;
			children = (
				E9EE3AB81D8BBB41009F93D7 /* StoryBoard */,
				E9D704741D8921F6006C2D18 /* Entity */,
				E9B1C5311D879D4700E908DB /* View */,
				E9B1C52C1D879CEE00E908DB /* View Controller */,
				E9B1C5291D879CB600E908DB /* Model */,
				E927D05F1D879B840071E5C0 /* AppDelegate.swift */,
				E927D0661D879B840071E5C0 /* Assets.xcassets */,
				E927D0681D879B840071E5C0 /* LaunchScreen.storyboard */,
				E927D06B1D879B840071E5C0 /* Info.plist */,
			);
			path = QiitaApp;
			sourceTree = "<group>";
		};
		E9B1C5291D879CB600E908DB /* Model */ = {
			isa = PBXGroup;
			children = (
				E9DA441E1D8A65F900AF2198 /* BookmarkArticle.swift */,
			);
			name = Model;
			sourceTree = "<group>";
		};
		E9B1C52C1D879CEE00E908DB /* View Controller */ = {
			isa = PBXGroup;
			children = (
				E9B1C52F1D879D2E00E908DB /* ArticleWebViewController.swift */,
				E9AF4AC01D87E28200E937EB /* ArticleTableViewController.swift */,
				E9DA44201D8A720000AF2198 /* MyPageViewController.swift */,
			);
			name = "View Controller";
			sourceTree = "<group>";
		};
		E9B1C5311D879D4700E908DB /* View */ = {
			isa = PBXGroup;
			children = (
				E9DA442C1D8AAAA100AF2198 /* ArticleTableViewCell.swift */,
				E9DA442D1D8AAAA100AF2198 /* ArticleTableViewCell.xib */,
			);
			name = View;
			sourceTree = "<group>";
		};
		E9D704741D8921F6006C2D18 /* Entity */ = {
			isa = PBXGroup;
			children = (
				E9B1C52A1D879CD800E908DB /* Article.swift */,
			);
			name = Entity;
			sourceTree = "<group>";
		};
		E9EE3AB81D8BBB41009F93D7 /* StoryBoard */ = {
			isa = PBXGroup;
			children = (
				E927D0631D879B840071E5C0 /* Main.storyboard */,
				E9EE3AB61D8BAB6C009F93D7 /* ArticleWebView.storyboard */,
				E9EE3AB21D8BA94C009F93D7 /* ArticleTableView.storyboard */,
				E9EE3AB41D8BAB48009F93D7 /* MyPage.storyboard */,
			);
			name = StoryBoard;
			sourceTree = "<group>";
		};
/* End PBXGroup section */

/* Begin PBXNativeTarget section */
		E927D05B1D879B840071E5C0 /* QiitaApp */ = {
			isa = PBXNativeTarget;
			buildConfigurationList = E927D06E1D879B840071E5C0 /* Build configuration list for PBXNativeTarget "QiitaApp" */;
			buildPhases = (
				FA6A100526C25BAB3BDBB276 /* [CP] Check Pods Manifest.lock */,
				E927D0581D879B840071E5C0 /* Sources */,
				E927D0591D879B840071E5C0 /* Frameworks */,
				E927D05A1D879B840071E5C0 /* Resources */,
				00610F468BA94A080372EDBE /* [CP] Embed Pods Frameworks */,
				81D264C4204F78B0445497DD /* [CP] Copy Pods Resources */,
			);
			buildRules = (
			);
			dependencies = (
			);
			name = QiitaApp;
			productName = QiitaApp;
			productReference = E927D05C1D879B840071E5C0 /* QiitaApp.app */;
			productType = "com.apple.product-type.application";
		};
/* End PBXNativeTarget section */

/* Begin PBXProject section */
		E927D0541D879B840071E5C0 /* Project object */ = {
			isa = PBXProject;
			attributes = {
				LastSwiftUpdateCheck = 0730;
				LastUpgradeCheck = 0730;
				ORGANIZATIONNAME = "satoki furuya";
				TargetAttributes = {
					E927D05B1D879B840071E5C0 = {
						CreatedOnToolsVersion = 7.3.1;
						DevelopmentTeam = HS3664PZAD;
					};
				};
			};
			buildConfigurationList = E927D0571D879B840071E5C0 /* Build configuration list for PBXProject "QiitaApp" */;
			compatibilityVersion = "Xcode 3.2";
			developmentRegion = English;
			hasScannedForEncodings = 0;
			knownRegions = (
				en,
				Base,
			);
			mainGroup = E927D0531D879B840071E5C0;
			productRefGroup = E927D05D1D879B840071E5C0 /* Products */;
			projectDirPath = "";
			projectRoot = "";
			targets = (
				E927D05B1D879B840071E5C0 /* QiitaApp */,
			);
		};
/* End PBXProject section */

/* Begin PBXResourcesBuildPhase section */
		E927D05A1D879B840071E5C0 /* Resources */ = {
			isa = PBXResourcesBuildPhase;
			buildActionMask = 2147483647;
			files = (
				E9DA442F1D8AAAA100AF2198 /* ArticleTableViewCell.xib in Resources */,
				E9EE3AB51D8BAB48009F93D7 /* MyPage.storyboard in Resources */,
				E927D06A1D879B840071E5C0 /* LaunchScreen.storyboard in Resources */,
				E927D0671D879B840071E5C0 /* Assets.xcassets in Resources */,
				E9EE3AB71D8BAB6C009F93D7 /* ArticleWebView.storyboard in Resources */,
				E927D0651D879B840071E5C0 /* Main.storyboard in Resources */,
				E9EE3AB31D8BA94C009F93D7 /* ArticleTableView.storyboard in Resources */,
			);
			runOnlyForDeploymentPostprocessing = 0;
		};
/* End PBXResourcesBuildPhase section */

/* Begin PBXShellScriptBuildPhase section */
		00610F468BA94A080372EDBE /* [CP] Embed Pods Frameworks */ = {
			isa = PBXShellScriptBuildPhase;
			buildActionMask = 2147483647;
			files = (
			);
			inputPaths = (
			);
			name = "[CP] Embed Pods Frameworks";
			outputPaths = (
			);
			runOnlyForDeploymentPostprocessing = 0;
			shellPath = /bin/sh;
			shellScript = "\"${SRCROOT}/Pods/Target Support Files/Pods-QiitaApp/Pods-QiitaApp-frameworks.sh\"\n";
			showEnvVarsInLog = 0;
		};
		81D264C4204F78B0445497DD /* [CP] Copy Pods Resources */ = {
			isa = PBXShellScriptBuildPhase;
			buildActionMask = 2147483647;
			files = (
			);
			inputPaths = (
			);
			name = "[CP] Copy Pods Resources";
			outputPaths = (
			);
			runOnlyForDeploymentPostprocessing = 0;
			shellPath = /bin/sh;
			shellScript = "\"${SRCROOT}/Pods/Target Support Files/Pods-QiitaApp/Pods-QiitaApp-resources.sh\"\n";
			showEnvVarsInLog = 0;
		};
		FA6A100526C25BAB3BDBB276 /* [CP] Check Pods Manifest.lock */ = {
			isa = PBXShellScriptBuildPhase;
			buildActionMask = 2147483647;
			files = (
			);
			inputPaths = (
			);
			name = "[CP] Check Pods Manifest.lock";
			outputPaths = (
			);
			runOnlyForDeploymentPostprocessing = 0;
			shellPath = /bin/sh;
			shellScript = "diff \"${PODS_ROOT}/../Podfile.lock\" \"${PODS_ROOT}/Manifest.lock\" > /dev/null\nif [[ $? != 0 ]] ; then\n    cat << EOM\nerror: The sandbox is not in sync with the Podfile.lock. Run 'pod install' or update your CocoaPods installation.\nEOM\n    exit 1\nfi\n";
			showEnvVarsInLog = 0;
		};
/* End PBXShellScriptBuildPhase section */

/* Begin PBXSourcesBuildPhase section */
		E927D0581D879B840071E5C0 /* Sources */ = {
			isa = PBXSourcesBuildPhase;
			buildActionMask = 2147483647;
			files = (
				E927D0601D879B840071E5C0 /* AppDelegate.swift in Sources */,
				E9DA44211D8A720000AF2198 /* MyPageViewController.swift in Sources */,
				E9AF4AC11D87E28200E937EB /* ArticleTableViewController.swift in Sources */,
				E9DA442E1D8AAAA100AF2198 /* ArticleTableViewCell.swift in Sources */,
				E9B1C5301D879D2E00E908DB /* ArticleWebViewController.swift in Sources */,
				E9DA441F1D8A65F900AF2198 /* BookmarkArticle.swift in Sources */,
				E9B1C52B1D879CD800E908DB /* Article.swift in Sources */,
			);
			runOnlyForDeploymentPostprocessing = 0;
		};
/* End PBXSourcesBuildPhase section */

/* Begin PBXVariantGroup section */
		E927D0631D879B840071E5C0 /* Main.storyboard */ = {
			isa = PBXVariantGroup;
			children = (
				E927D0641D879B840071E5C0 /* Base */,
			);
			name = Main.storyboard;
			sourceTree = "<group>";
		};
		E927D0681D879B840071E5C0 /* LaunchScreen.storyboard */ = {
			isa = PBXVariantGroup;
			children = (
				E927D0691D879B840071E5C0 /* Base */,
			);
			name = LaunchScreen.storyboard;
			sourceTree = "<group>";
		};
/* End PBXVariantGroup section */

/* Begin XCBuildConfiguration section */
		E927D06C1D879B840071E5C0 /* Debug */ = {
			isa = XCBuildConfiguration;
			buildSettings = {
				ALWAYS_SEARCH_USER_PATHS = NO;
				CLANG_ANALYZER_NONNULL = YES;
				CLANG_CXX_LANGUAGE_STANDARD = "gnu++0x";
				CLANG_CXX_LIBRARY = "libc++";
				CLANG_ENABLE_MODULES = YES;
				CLANG_ENABLE_OBJC_ARC = YES;
				CLANG_WARN_BOOL_CONVERSION = YES;
				CLANG_WARN_CONSTANT_CONVERSION = YES;
				CLANG_WARN_DIRECT_OBJC_ISA_USAGE = YES_ERROR;
				CLANG_WARN_EMPTY_BODY = YES;
				CLANG_WARN_ENUM_CONVERSION = YES;
				CLANG_WARN_INT_CONVERSION = YES;
				CLANG_WARN_OBJC_ROOT_CLASS = YES_ERROR;
				CLANG_WARN_UNREACHABLE_CODE = YES;
				CLANG_WARN__DUPLICATE_METHOD_MATCH = YES;
				"CODE_SIGN_IDENTITY[sdk=iphoneos*]" = "iPhone Developer";
				COPY_PHASE_STRIP = NO;
				DEBUG_INFORMATION_FORMAT = dwarf;
				ENABLE_STRICT_OBJC_MSGSEND = YES;
				ENABLE_TESTABILITY = YES;
				GCC_C_LANGUAGE_STANDARD = gnu99;
				GCC_DYNAMIC_NO_PIC = NO;
				GCC_NO_COMMON_BLOCKS = YES;
				GCC_OPTIMIZATION_LEVEL = 0;
				GCC_PREPROCESSOR_DEFINITIONS = (
					"DEBUG=1",
					"$(inherited)",
				);
				GCC_WARN_64_TO_32_BIT_CONVERSION = YES;
				GCC_WARN_ABOUT_RETURN_TYPE = YES_ERROR;
				GCC_WARN_UNDECLARED_SELECTOR = YES;
				GCC_WARN_UNINITIALIZED_AUTOS = YES_AGGRESSIVE;
				GCC_WARN_UNUSED_FUNCTION = YES;
				GCC_WARN_UNUSED_VARIABLE = YES;
				IPHONEOS_DEPLOYMENT_TARGET = 9.3;
				MTL_ENABLE_DEBUG_INFO = YES;
				ONLY_ACTIVE_ARCH = YES;
				SDKROOT = iphoneos;
				SWIFT_OPTIMIZATION_LEVEL = "-Onone";
			};
			name = Debug;
		};
		E927D06D1D879B840071E5C0 /* Release */ = {
			isa = XCBuildConfiguration;
			buildSettings = {
				ALWAYS_SEARCH_USER_PATHS = NO;
				CLANG_ANALYZER_NONNULL = YES;
				CLANG_CXX_LANGUAGE_STANDARD = "gnu++0x";
				CLANG_CXX_LIBRARY = "libc++";
				CLANG_ENABLE_MODULES = YES;
				CLANG_ENABLE_OBJC_ARC = YES;
				CLANG_WARN_BOOL_CONVERSION = YES;
				CLANG_WARN_CONSTANT_CONVERSION = YES;
				CLANG_WARN_DIRECT_OBJC_ISA_USAGE = YES_ERROR;
				CLANG_WARN_EMPTY_BODY = YES;
				CLANG_WARN_ENUM_CONVERSION = YES;
				CLANG_WARN_INT_CONVERSION = YES;
				CLANG_WARN_OBJC_ROOT_CLASS = YES_ERROR;
				CLANG_WARN_UNREACHABLE_CODE = YES;
				CLANG_WARN__DUPLICATE_METHOD_MATCH = YES;
				"CODE_SIGN_IDENTITY[sdk=iphoneos*]" = "iPhone Developer";
				COPY_PHASE_STRIP = NO;
				DEBUG_INFORMATION_FORMAT = "dwarf-with-dsym";
				ENABLE_NS_ASSERTIONS = NO;
				ENABLE_STRICT_OBJC_MSGSEND = YES;
				GCC_C_LANGUAGE_STANDARD = gnu99;
				GCC_NO_COMMON_BLOCKS = YES;
				GCC_WARN_64_TO_32_BIT_CONVERSION = YES;
				GCC_WARN_ABOUT_RETURN_TYPE = YES_ERROR;
				GCC_WARN_UNDECLARED_SELECTOR = YES;
				GCC_WARN_UNINITIALIZED_AUTOS = YES_AGGRESSIVE;
				GCC_WARN_UNUSED_FUNCTION = YES;
				GCC_WARN_UNUSED_VARIABLE = YES;
				IPHONEOS_DEPLOYMENT_TARGET = 9.3;
				MTL_ENABLE_DEBUG_INFO = NO;
				SDKROOT = iphoneos;
				VALIDATE_PRODUCT = YES;
			};
			name = Release;
		};
		E927D06F1D879B840071E5C0 /* Debug */ = {
			isa = XCBuildConfiguration;
			baseConfigurationReference = 2DD0F6DFCCDE33F018A0E000 /* Pods-QiitaApp.debug.xcconfig */;
			buildSettings = {
				ASSETCATALOG_COMPILER_APPICON_NAME = AppIcon;
				CODE_SIGN_IDENTITY = "iPhone Developer";
				"CODE_SIGN_IDENTITY[sdk=iphoneos*]" = "iPhone Developer";
				INFOPLIST_FILE = QiitaApp/Info.plist;
				LD_RUNPATH_SEARCH_PATHS = "$(inherited) @executable_path/Frameworks";
				PRODUCT_BUNDLE_IDENTIFIER = jp.sample.QiitaApp;
				PRODUCT_NAME = "$(TARGET_NAME)";
				PROVISIONING_PROFILE = "";
			};
			name = Debug;
		};
		E927D0701D879B840071E5C0 /* Release */ = {
			isa = XCBuildConfiguration;
			baseConfigurationReference = 34E17846BDBC6AABB99941C4 /* Pods-QiitaApp.release.xcconfig */;
			buildSettings = {
				ASSETCATALOG_COMPILER_APPICON_NAME = AppIcon;
				CODE_SIGN_IDENTITY = "iPhone Developer";
				"CODE_SIGN_IDENTITY[sdk=iphoneos*]" = "iPhone Developer";
				INFOPLIST_FILE = QiitaApp/Info.plist;
				LD_RUNPATH_SEARCH_PATHS = "$(inherited) @executable_path/Frameworks";
				PRODUCT_BUNDLE_IDENTIFIER = jp.sample.QiitaApp;
				PRODUCT_NAME = "$(TARGET_NAME)";
				PROVISIONING_PROFILE = "";
			};
			name = Release;
		};
/* End XCBuildConfiguration section */

/* Begin XCConfigurationList section */
		E927D0571D879B840071E5C0 /* Build configuration list for PBXProject "QiitaApp" */ = {
			isa = XCConfigurationList;
			buildConfigurations = (
				E927D06C1D879B840071E5C0 /* Debug */,
				E927D06D1D879B840071E5C0 /* Release */,
			);
			defaultConfigurationIsVisible = 0;
			defaultConfigurationName = Release;
		};
		E927D06E1D879B840071E5C0 /* Build configuration list for PBXNativeTarget "QiitaApp" */ = {
			isa = XCConfigurationList;
			buildConfigurations = (
				E927D06F1D879B840071E5C0 /* Debug */,
				E927D0701D879B840071E5C0 /* Release */,
			);
			defaultConfigurationIsVisible = 0;
			defaultConfigurationName = Release;
		};
/* End XCConfigurationList section */
	};
	rootObject = E927D0541D879B840071E5C0 /* Project object */;
}
